
Microsoft Visual Studio Solution File, Format Version 12.00
# Visual Studio Version 17
VisualStudioVersion = 17.3.32922.545
MinimumVisualStudioVersion = 10.0.40219.1
Project("{8BC9CEB8-8B4A-11D0-8D11-00A0C91BC942}") = "VariacaoDeListaCadastral", "VariacaoDeListaCadastral\VariacaoDeListaCadastral.vcxproj", "{A187B5CB-C5A1-4ABF-A8FA-423A5263C89B}"
EndProject
Global
	GlobalSection(SolutionConfigurationPlatforms) = preSolution
		Debug|x64 = Debug|x64
		Debug|x86 = Debug|x86
		Release|x64 = Release|x64
		Release|x86 = Release|x86
	EndGlobalSection
	GlobalSection(ProjectConfigurationPlatforms) = postSolution
		{A187B5CB-C5A1-4ABF-A8FA-423A5263C89B}.Debug|x64.ActiveCfg = Debug|x64
		{A187B5CB-C5A1-4ABF-A8FA-423A5263C89B}.Debug|x64.Build.0 = Debug|x64
		{A187B5CB-C5A1-4ABF-A8FA-423A5263C89B}.Debug|x86.ActiveCfg = Debug|Win32
		{A187B5CB-C5A1-4ABF-A8FA-423A5263C89B}.Debug|x86.Build.0 = Debug|Win32
		{A187B5CB-C5A1-4ABF-A8FA-423A5263C89B}.Release|x64.ActiveCfg = Release|x64
		{A187B5CB-C5A1-4ABF-A8FA-423A5263C89B}.Release|x64.Build.0 = Release|x64
		{A187B5CB-C5A1-4ABF-A8FA-423A5263C89B}.Release|x86.ActiveCfg = Release|Win32
		{A187B5CB-C5A1-4ABF-A8FA-423A5263C89B}.Release|x86.Build.0 = Release|Win32
	EndGlobalSection
	GlobalSection(SolutionProperties) = preSolution
		HideSolutionNode = FALSE
	EndGlobalSection
	GlobalSection(ExtensibilityGlobals) = postSolution
		SolutionGuid = {3AD97109-249B-472B-AA25-3827D3F2674E}
	EndGlobalSection
EndGlobal
